// !$*UTF8*$!
{
	archiveVersion = 1;
	classes = {
	};
	objectVersion = 50;
	objects = {

/* Begin PBXBuildFile section */
		84BA93AB21E4F5440009BC2D /* AppDelegate.swift in Sources */ = {isa = PBXBuildFile; fileRef = 84BA93AA21E4F5440009BC2D /* AppDelegate.swift */; };
		84BA93AD21E4F5440009BC2D /* ViewController.swift in Sources */ = {isa = PBXBuildFile; fileRef = 84BA93AC21E4F5440009BC2D /* ViewController.swift */; };
		84BA93B021E4F5440009BC2D /* Main.storyboard in Resources */ = {isa = PBXBuildFile; fileRef = 84BA93AE21E4F5440009BC2D /* Main.storyboard */; };
		84BA93B221E4F5450009BC2D /* Assets.xcassets in Resources */ = {isa = PBXBuildFile; fileRef = 84BA93B121E4F5450009BC2D /* Assets.xcassets */; };
		84BA93B521E4F5450009BC2D /* LaunchScreen.storyboard in Resources */ = {isa = PBXBuildFile; fileRef = 84BA93B321E4F5450009BC2D /* LaunchScreen.storyboard */; };
		84BA93C021E4F5450009BC2D /* Actividad2Tests.swift in Sources */ = {isa = PBXBuildFile; fileRef = 84BA93BF21E4F5450009BC2D /* Actividad2Tests.swift */; };
		84BA93CB21E4F5450009BC2D /* Actividad2UITests.swift in Sources */ = {isa = PBXBuildFile; fileRef = 84BA93CA21E4F5450009BC2D /* Actividad2UITests.swift */; };
		84BA93DA21E506830009BC2D /* Agenda.swift in Sources */ = {isa = PBXBuildFile; fileRef = 84BA93D921E506830009BC2D /* Agenda.swift */; };
		84BA93DC21E506960009BC2D /* Contacto.swift in Sources */ = {isa = PBXBuildFile; fileRef = 84BA93DB21E506960009BC2D /* Contacto.swift */; };
		84BA93DE21E506A70009BC2D /* Persona.swift in Sources */ = {isa = PBXBuildFile; fileRef = 84BA93DD21E506A70009BC2D /* Persona.swift */; };
		84BA93E021E506E80009BC2D /* MiAgenda.swift in Sources */ = {isa = PBXBuildFile; fileRef = 84BA93DF21E506E80009BC2D /* MiAgenda.swift */; };
		84BA93E221E5079E0009BC2D /* Funciones.swift in Sources */ = {isa = PBXBuildFile; fileRef = 84BA93E121E5079E0009BC2D /* Funciones.swift */; };
		84BA93E621E544310009BC2D /* birtday.jpg in Resources */ = {isa = PBXBuildFile; fileRef = 84BA93E521E544310009BC2D /* birtday.jpg */; };
/* End PBXBuildFile section */

/* Begin PBXContainerItemProxy section */
		84BA93BC21E4F5450009BC2D /* PBXContainerItemProxy */ = {
			isa = PBXContainerItemProxy;
			containerPortal = 84BA939F21E4F5440009BC2D /* Project object */;
			proxyType = 1;
			remoteGlobalIDString = 84BA93A621E4F5440009BC2D;
			remoteInfo = Actividad2;
		};
		84BA93C721E4F5450009BC2D /* PBXContainerItemProxy */ = {
			isa = PBXContainerItemProxy;
			containerPortal = 84BA939F21E4F5440009BC2D /* Project object */;
			proxyType = 1;
			remoteGlobalIDString = 84BA93A621E4F5440009BC2D;
			remoteInfo = Actividad2;
		};
/* End PBXContainerItemProxy section */

/* Begin PBXFileReference section */
		84BA93A721E4F5440009BC2D /* Actividad2.app */ = {isa = PBXFileReference; explicitFileType = wrapper.application; includeInIndex = 0; path = Actividad2.app; sourceTree = BUILT_PRODUCTS_DIR; };
		84BA93AA21E4F5440009BC2D /* AppDelegate.swift */ = {isa = PBXFileReference; lastKnownFileType = sourcecode.swift; path = AppDelegate.swift; sourceTree = "<group>"; };
		84BA93AC21E4F5440009BC2D /* ViewController.swift */ = {isa = PBXFileReference; lastKnownFileType = sourcecode.swift; path = ViewController.swift; sourceTree = "<group>"; };
		84BA93AF21E4F5440009BC2D /* Base */ = {isa = PBXFileReference; lastKnownFileType = file.storyboard; name = Base; path = Base.lproj/Main.storyboard; sourceTree = "<group>"; };
		84BA93B121E4F5450009BC2D /* Assets.xcassets */ = {isa = PBXFileReference; lastKnownFileType = folder.assetcatalog; path = Assets.xcassets; sourceTree = "<group>"; };
		84BA93B421E4F5450009BC2D /* Base */ = {isa = PBXFileReference; lastKnownFileType = file.storyboard; name = Base; path = Base.lproj/LaunchScreen.storyboard; sourceTree = "<group>"; };
		84BA93B621E4F5450009BC2D /* Info.plist */ = {isa = PBXFileReference; lastKnownFileType = text.plist.xml; path = Info.plist; sourceTree = "<group>"; };
		84BA93BB21E4F5450009BC2D /* Actividad2Tests.xctest */ = {isa = PBXFileReference; explicitFileType = wrapper.cfbundle; includeInIndex = 0; path = Actividad2Tests.xctest; sourceTree = BUILT_PRODUCTS_DIR; };
		84BA93BF21E4F5450009BC2D /* Actividad2Tests.swift */ = {isa = PBXFileReference; lastKnownFileType = sourcecode.swift; path = Actividad2Tests.swift; sourceTree = "<group>"; };
		84BA93C121E4F5450009BC2D /* Info.plist */ = {isa = PBXFileReference; lastKnownFileType = text.plist.xml; path = Info.plist; sourceTree = "<group>"; };
		84BA93C621E4F5450009BC2D /* Actividad2UITests.xctest */ = {isa = PBXFileReference; explicitFileType = wrapper.cfbundle; includeInIndex = 0; path = Actividad2UITests.xctest; sourceTree = BUILT_PRODUCTS_DIR; };
		84BA93CA21E4F5450009BC2D /* Actividad2UITests.swift */ = {isa = PBXFileReference; lastKnownFileType = sourcecode.swift; path = Actividad2UITests.swift; sourceTree = "<group>"; };
		84BA93CC21E4F5450009BC2D /* Info.plist */ = {isa = PBXFileReference; lastKnownFileType = text.plist.xml; path = Info.plist; sourceTree = "<group>"; };
		84BA93D921E506830009BC2D /* Agenda.swift */ = {isa = PBXFileReference; lastKnownFileType = sourcecode.swift; path = Agenda.swift; sourceTree = "<group>"; };
		84BA93DB21E506960009BC2D /* Contacto.swift */ = {isa = PBXFileReference; lastKnownFileType = sourcecode.swift; path = Contacto.swift; sourceTree = "<group>"; };
		84BA93DD21E506A70009BC2D /* Persona.swift */ = {isa = PBXFileReference; lastKnownFileType = sourcecode.swift; path = Persona.swift; sourceTree = "<group>"; };
		84BA93DF21E506E80009BC2D /* MiAgenda.swift */ = {isa = PBXFileReference; lastKnownFileType = sourcecode.swift; path = MiAgenda.swift; sourceTree = "<group>"; };
		84BA93E121E5079E0009BC2D /* Funciones.swift */ = {isa = PBXFileReference; lastKnownFileType = sourcecode.swift; path = Funciones.swift; sourceTree = "<group>"; };
		84BA93E521E544310009BC2D /* birtday.jpg */ = {isa = PBXFileReference; lastKnownFileType = image.jpeg; name = birtday.jpg; path = ../../birtday.jpg; sourceTree = "<group>"; };
/* End PBXFileReference section */

/* Begin PBXFrameworksBuildPhase section */
		84BA93A421E4F5440009BC2D /* Frameworks */ = {
			isa = PBXFrameworksBuildPhase;
			buildActionMask = 2147483647;
			files = (
			);
			runOnlyForDeploymentPostprocessing = 0;
		};
		84BA93B821E4F5450009BC2D /* Frameworks */ = {
			isa = PBXFrameworksBuildPhase;
			buildActionMask = 2147483647;
			files = (
			);
			runOnlyForDeploymentPostprocessing = 0;
		};
		84BA93C321E4F5450009BC2D /* Frameworks */ = {
			isa = PBXFrameworksBuildPhase;
			buildActionMask = 2147483647;
			files = (
			);
			runOnlyForDeploymentPostprocessing = 0;
		};
/* End PBXFrameworksBuildPhase section */

/* Begin PBXGroup section */
		84BA939E21E4F5440009BC2D = {
			isa = PBXGroup;
			children = (
				84BA93A921E4F5440009BC2D /* Actividad2 */,
				84BA93BE21E4F5450009BC2D /* Actividad2Tests */,
				84BA93C921E4F5450009BC2D /* Actividad2UITests */,
				84BA93A821E4F5440009BC2D /* Products */,
			);
			sourceTree = "<group>";
		};
		84BA93A821E4F5440009BC2D /* Products */ = {
			isa = PBXGroup;
			children = (
				84BA93A721E4F5440009BC2D /* Actividad2.app */,
				84BA93BB21E4F5450009BC2D /* Actividad2Tests.xctest */,
				84BA93C621E4F5450009BC2D /* Actividad2UITests.xctest */,
			);
			name = Products;
			sourceTree = "<group>";
		};
		84BA93A921E4F5440009BC2D /* Actividad2 */ = {
			isa = PBXGroup;
			children = (
				84BA93D821E506590009BC2D /* Clases */,
				84BA93AA21E4F5440009BC2D /* AppDelegate.swift */,
				84BA93AC21E4F5440009BC2D /* ViewController.swift */,
				84BA93AE21E4F5440009BC2D /* Main.storyboard */,
				84BA93B121E4F5450009BC2D /* Assets.xcassets */,
				84BA93E521E544310009BC2D /* birtday.jpg */,
				84BA93B321E4F5450009BC2D /* LaunchScreen.storyboard */,
				84BA93B621E4F5450009BC2D /* Info.plist */,
			);
			path = Actividad2;
			sourceTree = "<group>";
		};
		84BA93BE21E4F5450009BC2D /* Actividad2Tests */ = {
			isa = PBXGroup;
			children = (
				84BA93BF21E4F5450009BC2D /* Actividad2Tests.swift */,
				84BA93C121E4F5450009BC2D /* Info.plist */,
			);
			path = Actividad2Tests;
			sourceTree = "<group>";
		};
		84BA93C921E4F5450009BC2D /* Actividad2UITests */ = {
			isa = PBXGroup;
			children = (
				84BA93CA21E4F5450009BC2D /* Actividad2UITests.swift */,
				84BA93CC21E4F5450009BC2D /* Info.plist */,
			);
			path = Actividad2UITests;
			sourceTree = "<group>";
		};
		84BA93D821E506590009BC2D /* Clases */ = {
			isa = PBXGroup;
			children = (
				84BA93D921E506830009BC2D /* Agenda.swift */,
				84BA93DB21E506960009BC2D /* Contacto.swift */,
				84BA93DD21E506A70009BC2D /* Persona.swift */,
				84BA93DF21E506E80009BC2D /* MiAgenda.swift */,
				84BA93E121E5079E0009BC2D /* Funciones.swift */,
			);
			path = Clases;
			sourceTree = "<group>";
		};
/* End PBXGroup section */

/* Begin PBXNativeTarget section */
		84BA93A621E4F5440009BC2D /* Actividad2 */ = {
			isa = PBXNativeTarget;
			buildConfigurationList = 84BA93CF21E4F5450009BC2D /* Build configuration list for PBXNativeTarget "Actividad2" */;
			buildPhases = (
				84BA93A321E4F5440009BC2D /* Sources */,
				84BA93A421E4F5440009BC2D /* Frameworks */,
				84BA93A521E4F5440009BC2D /* Resources */,
			);
			buildRules = (
			);
			dependencies = (
			);
			name = Actividad2;
			productName = Actividad2;
			productReference = 84BA93A721E4F5440009BC2D /* Actividad2.app */;
			productType = "com.apple.product-type.application";
		};
		84BA93BA21E4F5450009BC2D /* Actividad2Tests */ = {
			isa = PBXNativeTarget;
			buildConfigurationList = 84BA93D221E4F5450009BC2D /* Build configuration list for PBXNativeTarget "Actividad2Tests" */;
			buildPhases = (
				84BA93B721E4F5450009BC2D /* Sources */,
				84BA93B821E4F5450009BC2D /* Frameworks */,
				84BA93B921E4F5450009BC2D /* Resources */,
			);
			buildRules = (
			);
			dependencies = (
				84BA93BD21E4F5450009BC2D /* PBXTargetDependency */,
			);
			name = Actividad2Tests;
			productName = Actividad2Tests;
			productReference = 84BA93BB21E4F5450009BC2D /* Actividad2Tests.xctest */;
			productType = "com.apple.product-type.bundle.unit-test";
		};
		84BA93C521E4F5450009BC2D /* Actividad2UITests */ = {
			isa = PBXNativeTarget;
			buildConfigurationList = 84BA93D521E4F5450009BC2D /* Build configuration list for PBXNativeTarget "Actividad2UITests" */;
			buildPhases = (
				84BA93C221E4F5450009BC2D /* Sources */,
				84BA93C321E4F5450009BC2D /* Frameworks */,
				84BA93C421E4F5450009BC2D /* Resources */,
			);
			buildRules = (
			);
			dependencies = (
				84BA93C821E4F5450009BC2D /* PBXTargetDependency */,
			);
			name = Actividad2UITests;
			productName = Actividad2UITests;
			productReference = 84BA93C621E4F5450009BC2D /* Actividad2UITests.xctest */;
			productType = "com.apple.product-type.bundle.ui-testing";
		};
/* End PBXNativeTarget section */

/* Begin PBXProject section */
		84BA939F21E4F5440009BC2D /* Project object */ = {
			isa = PBXProject;
			attributes = {
				LastSwiftUpdateCheck = 1000;
				LastUpgradeCheck = 1000;
				ORGANIZATIONNAME = usuario;
				TargetAttributes = {
					84BA93A621E4F5440009BC2D = {
						CreatedOnToolsVersion = 10.0;
					};
					84BA93BA21E4F5450009BC2D = {
						CreatedOnToolsVersion = 10.0;
						TestTargetID = 84BA93A621E4F5440009BC2D;
					};
					84BA93C521E4F5450009BC2D = {
						CreatedOnToolsVersion = 10.0;
						TestTargetID = 84BA93A621E4F5440009BC2D;
					};
				};
			};
			buildConfigurationList = 84BA93A221E4F5440009BC2D /* Build configuration list for PBXProject "Actividad2" */;
			compatibilityVersion = "Xcode 9.3";
			developmentRegion = en;
			hasScannedForEncodings = 0;
			knownRegions = (
				en,
				Base,
			);
			mainGroup = 84BA939E21E4F5440009BC2D;
			productRefGroup = 84BA93A821E4F5440009BC2D /* Products */;
			projectDirPath = "";
			projectRoot = "";
			targets = (
				84BA93A621E4F5440009BC2D /* Actividad2 */,
				84BA93BA21E4F5450009BC2D /* Actividad2Tests */,
				84BA93C521E4F5450009BC2D /* Actividad2UITests */,
			);
		};
/* End PBXProject section */

/* Begin PBXResourcesBuildPhase section */
		84BA93A521E4F5440009BC2D /* Resources */ = {
			isa = PBXResourcesBuildPhase;
			buildActionMask = 2147483647;
			files = (
				84BA93B521E4F5450009BC2D /* LaunchScreen.storyboard in Resources */,
				84BA93E621E544310009BC2D /* birtday.jpg in Resources */,
				84BA93B221E4F5450009BC2D /* Assets.xcassets in Resources */,
				84BA93B021E4F5440009BC2D /* Main.storyboard in Resources */,
			);
			runOnlyForDeploymentPostprocessing = 0;
		};
		84BA93B921E4F5450009BC2D /* Resources */ = {
			isa = PBXResourcesBuildPhase;
			buildActionMask = 2147483647;
			files = (
			);
			runOnlyForDeploymentPostprocessing = 0;
		};
		84BA93C421E4F5450009BC2D /* Resources */ = {
			isa = PBXResourcesBuildPhase;
			buildActionMask = 2147483647;
			files = (
			);
			runOnlyForDeploymentPostprocessing = 0;
		};
/* End PBXResourcesBuildPhase section */

/* Begin PBXSourcesBuildPhase section */
		84BA93A321E4F5440009BC2D /* Sources */ = {
			isa = PBXSourcesBuildPhase;
			buildActionMask = 2147483647;
			files = (
				84BA93E221E5079E0009BC2D /* Funciones.swift in Sources */,
				84BA93DC21E506960009BC2D /* Contacto.swift in Sources */,
				84BA93E021E506E80009BC2D /* MiAgenda.swift in Sources */,
				84BA93AD21E4F5440009BC2D /* ViewController.swift in Sources */,
				84BA93DA21E506830009BC2D /* Agenda.swift in Sources */,
				84BA93DE21E506A70009BC2D /* Persona.swift in Sources */,
				84BA93AB21E4F5440009BC2D /* AppDelegate.swift in Sources */,
			);
			runOnlyForDeploymentPostprocessing = 0;
		};
		84BA93B721E4F5450009BC2D /* Sources */ = {
			isa = PBXSourcesBuildPhase;
			buildActionMask = 2147483647;
			files = (
				84BA93C021E4F5450009BC2D /* Actividad2Tests.swift in Sources */,
			);
			runOnlyForDeploymentPostprocessing = 0;
		};
		84BA93C221E4F5450009BC2D /* Sources */ = {
			isa = PBXSourcesBuildPhase;
			buildActionMask = 2147483647;
			files = (
				84BA93CB21E4F5450009BC2D /* Actividad2UITests.swift in Sources */,
			);
			runOnlyForDeploymentPostprocessing = 0;
		};
/* End PBXSourcesBuildPhase section */

/* Begin PBXTargetDependency section */
		84BA93BD21E4F5450009BC2D /* PBXTargetDependency */ = {
			isa = PBXTargetDependency;
			target = 84BA93A621E4F5440009BC2D /* Actividad2 */;
			targetProxy = 84BA93BC21E4F5450009BC2D /* PBXContainerItemProxy */;
		};
		84BA93C821E4F5450009BC2D /* PBXTargetDependency */ = {
			isa = PBXTargetDependency;
			target = 84BA93A621E4F5440009BC2D /* Actividad2 */;
			targetProxy = 84BA93C721E4F5450009BC2D /* PBXContainerItemProxy */;
		};
/* End PBXTargetDependency section */

/* Begin PBXVariantGroup section */
		84BA93AE21E4F5440009BC2D /* Main.storyboard */ = {
			isa = PBXVariantGroup;
			children = (
				84BA93AF21E4F5440009BC2D /* Base */,
			);
			name = Main.storyboard;
			sourceTree = "<group>";
		};
		84BA93B321E4F5450009BC2D /* LaunchScreen.storyboard */ = {
			isa = PBXVariantGroup;
			children = (
				84BA93B421E4F5450009BC2D /* Base */,
			);
			name = LaunchScreen.storyboard;
			sourceTree = "<group>";
		};
/* End PBXVariantGroup section */

/* Begin XCBuildConfiguration section */
		84BA93CD21E4F5450009BC2D /* Debug */ = {
			isa = XCBuildConfiguration;
			buildSettings = {
				ALWAYS_SEARCH_USER_PATHS = NO;
				CLANG_ANALYZER_NONNULL = YES;
				CLANG_ANALYZER_NUMBER_OBJECT_CONVERSION = YES_AGGRESSIVE;
				CLANG_CXX_LANGUAGE_STANDARD = "gnu++14";
				CLANG_CXX_LIBRARY = "libc++";
				CLANG_ENABLE_MODULES = YES;
				CLANG_ENABLE_OBJC_ARC = YES;
				CLANG_ENABLE_OBJC_WEAK = YES;
				CLANG_WARN_BLOCK_CAPTURE_AUTORELEASING = YES;
				CLANG_WARN_BOOL_CONVERSION = YES;
				CLANG_WARN_COMMA = YES;
				CLANG_WARN_CONSTANT_CONVERSION = YES;
				CLANG_WARN_DEPRECATED_OBJC_IMPLEMENTATIONS = YES;
				CLANG_WARN_DIRECT_OBJC_ISA_USAGE = YES_ERROR;
				CLANG_WARN_DOCUMENTATION_COMMENTS = YES;
				CLANG_WARN_EMPTY_BODY = YES;
				CLANG_WARN_ENUM_CONVERSION = YES;
				CLANG_WARN_INFINITE_RECURSION = YES;
				CLANG_WARN_INT_CONVERSION = YES;
				CLANG_WARN_NON_LITERAL_NULL_CONVERSION = YES;
				CLANG_WARN_OBJC_IMPLICIT_RETAIN_SELF = YES;
				CLANG_WARN_OBJC_LITERAL_CONVERSION = YES;
				CLANG_WARN_OBJC_ROOT_CLASS = YES_ERROR;
				CLANG_WARN_RANGE_LOOP_ANALYSIS = YES;
				CLANG_WARN_STRICT_PROTOTYPES = YES;
				CLANG_WARN_SUSPICIOUS_MOVE = YES;
				CLANG_WARN_UNGUARDED_AVAILABILITY = YES_AGGRESSIVE;
				CLANG_WARN_UNREACHABLE_CODE = YES;
				CLANG_WARN__DUPLICATE_METHOD_MATCH = YES;
				CODE_SIGN_IDENTITY = "iPhone Developer";
				COPY_PHASE_STRIP = NO;
				DEBUG_INFORMATION_FORMAT = dwarf;
				ENABLE_STRICT_OBJC_MSGSEND = YES;
				ENABLE_TESTABILITY = YES;
				GCC_C_LANGUAGE_STANDARD = gnu11;
				GCC_DYNAMIC_NO_PIC = NO;
				GCC_NO_COMMON_BLOCKS = YES;
				GCC_OPTIMIZATION_LEVEL = 0;
				GCC_PREPROCESSOR_DEFINITIONS = (
					"DEBUG=1",
					"$(inherited)",
				);
				GCC_WARN_64_TO_32_BIT_CONVERSION = YES;
				GCC_WARN_ABOUT_RETURN_TYPE = YES_ERROR;
				GCC_WARN_UNDECLARED_SELECTOR = YES;
				GCC_WARN_UNINITIALIZED_AUTOS = YES_AGGRESSIVE;
				GCC_WARN_UNUSED_FUNCTION = YES;
				GCC_WARN_UNUSED_VARIABLE = YES;
				IPHONEOS_DEPLOYMENT_TARGET = 12.0;
				MTL_ENABLE_DEBUG_INFO = INCLUDE_SOURCE;
				MTL_FAST_MATH = YES;
				ONLY_ACTIVE_ARCH = YES;
				SDKROOT = iphoneos;
				SWIFT_ACTIVE_COMPILATION_CONDITIONS = DEBUG;
				SWIFT_OPTIMIZATION_LEVEL = "-Onone";
			};
			name = Debug;
		};
		84BA93CE21E4F5450009BC2D /* Release */ = {
			isa = XCBuildConfiguration;
			buildSettings = {
				ALWAYS_SEARCH_USER_PATHS = NO;
				CLANG_ANALYZER_NONNULL = YES;
				CLANG_ANALYZER_NUMBER_OBJECT_CONVERSION = YES_AGGRESSIVE;
				CLANG_CXX_LANGUAGE_STANDARD = "gnu++14";
				CLANG_CXX_LIBRARY = "libc++";
				CLANG_ENABLE_MODULES = YES;
				CLANG_ENABLE_OBJC_ARC = YES;
				CLANG_ENABLE_OBJC_WEAK = YES;
				CLANG_WARN_BLOCK_CAPTURE_AUTORELEASING = YES;
				CLANG_WARN_BOOL_CONVERSION = YES;
				CLANG_WARN_COMMA = YES;
				CLANG_WARN_CONSTANT_CONVERSION = YES;
				CLANG_WARN_DEPRECATED_OBJC_IMPLEMENTATIONS = YES;
				CLANG_WARN_DIRECT_OBJC_ISA_USAGE = YES_ERROR;
				CLANG_WARN_DOCUMENTATION_COMMENTS = YES;
				CLANG_WARN_EMPTY_BODY = YES;
				CLANG_WARN_ENUM_CONVERSION = YES;
				CLANG_WARN_INFINITE_RECURSION = YES;
				CLANG_WARN_INT_CONVERSION = YES;
				CLANG_WARN_NON_LITERAL_NULL_CONVERSION = YES;
				CLANG_WARN_OBJC_IMPLICIT_RETAIN_SELF = YES;
				CLANG_WARN_OBJC_LITERAL_CONVERSION = YES;
				CLANG_WARN_OBJC_ROOT_CLASS = YES_ERROR;
				CLANG_WARN_RANGE_LOOP_ANALYSIS = YES;
				CLANG_WARN_STRICT_PROTOTYPES = YES;
				CLANG_WARN_SUSPICIOUS_MOVE = YES;
				CLANG_WARN_UNGUARDED_AVAILABILITY = YES_AGGRESSIVE;
				CLANG_WARN_UNREACHABLE_CODE = YES;
				CLANG_WARN__DUPLICATE_METHOD_MATCH = YES;
				CODE_SIGN_IDENTITY = "iPhone Developer";
				COPY_PHASE_STRIP = NO;
				DEBUG_INFORMATION_FORMAT = "dwarf-with-dsym";
				ENABLE_NS_ASSERTIONS = NO;
				ENABLE_STRICT_OBJC_MSGSEND = YES;
				GCC_C_LANGUAGE_STANDARD = gnu11;
				GCC_NO_COMMON_BLOCKS = YES;
				GCC_WARN_64_TO_32_BIT_CONVERSION = YES;
				GCC_WARN_ABOUT_RETURN_TYPE = YES_ERROR;
				GCC_WARN_UNDECLARED_SELECTOR = YES;
				GCC_WARN_UNINITIALIZED_AUTOS = YES_AGGRESSIVE;
				GCC_WARN_UNUSED_FUNCTION = YES;
				GCC_WARN_UNUSED_VARIABLE = YES;
				IPHONEOS_DEPLOYMENT_TARGET = 12.0;
				MTL_ENABLE_DEBUG_INFO = NO;
				MTL_FAST_MATH = YES;
				SDKROOT = iphoneos;
				SWIFT_COMPILATION_MODE = wholemodule;
				SWIFT_OPTIMIZATION_LEVEL = "-O";
				VALIDATE_PRODUCT = YES;
			};
			name = Release;
		};
		84BA93D021E4F5450009BC2D /* Debug */ = {
			isa = XCBuildConfiguration;
			buildSettings = {
				ASSETCATALOG_COMPILER_APPICON_NAME = AppIcon;
				CODE_SIGN_STYLE = Automatic;
				INFOPLIST_FILE = Actividad2/Info.plist;
				LD_RUNPATH_SEARCH_PATHS = (
					"$(inherited)",
					"@executable_path/Frameworks",
				);
				PRODUCT_BUNDLE_IDENTIFIER = swiftIntermedio.Actividad2;
				PRODUCT_NAME = "$(TARGET_NAME)";
				SWIFT_VERSION = 4.2;
				TARGETED_DEVICE_FAMILY = "1,2";
			};
			name = Debug;
		};
		84BA93D121E4F5450009BC2D /* Release */ = {
			isa = XCBuildConfiguration;
			buildSettings = {
				ASSETCATALOG_COMPILER_APPICON_NAME = AppIcon;
				CODE_SIGN_STYLE = Automatic;
				INFOPLIST_FILE = Actividad2/Info.plist;
				LD_RUNPATH_SEARCH_PATHS = (
					"$(inherited)",
					"@executable_path/Frameworks",
				);
				PRODUCT_BUNDLE_IDENTIFIER = swiftIntermedio.Actividad2;
				PRODUCT_NAME = "$(TARGET_NAME)";
				SWIFT_VERSION = 4.2;
				TARGETED_DEVICE_FAMILY = "1,2";
			};
			name = Release;
		};
		84BA93D321E4F5450009BC2D /* Debug */ = {
			isa = XCBuildConfiguration;
			buildSettings = {
				ALWAYS_EMBED_SWIFT_STANDARD_LIBRARIES = YES;
				BUNDLE_LOADER = "$(TEST_HOST)";
				CODE_SIGN_STYLE = Automatic;
				INFOPLIST_FILE = Actividad2Tests/Info.plist;
				LD_RUNPATH_SEARCH_PATHS = (
					"$(inherited)",
					"@executable_path/Frameworks",
					"@loader_path/Frameworks",
				);
				PRODUCT_BUNDLE_IDENTIFIER = swiftIntermedio.Actividad2Tests;
				PRODUCT_NAME = "$(TARGET_NAME)";
				SWIFT_VERSION = 4.2;
				TARGETED_DEVICE_FAMILY = "1,2";
				TEST_HOST = "$(BUILT_PRODUCTS_DIR)/Actividad2.app/Actividad2";
			};
			name = Debug;
		};
		84BA93D421E4F5450009BC2D /* Release */ = {
			isa = XCBuildConfiguration;
			buildSettings = {
				ALWAYS_EMBED_SWIFT_STANDARD_LIBRARIES = YES;
				BUNDLE_LOADER = "$(TEST_HOST)";
				CODE_SIGN_STYLE = Automatic;
				INFOPLIST_FILE = Actividad2Tests/Info.plist;
				LD_RUNPATH_SEARCH_PATHS = (
					"$(inherited)",
					"@executable_path/Frameworks",
					"@loader_path/Frameworks",
				);
				PRODUCT_BUNDLE_IDENTIFIER = swiftIntermedio.Actividad2Tests;
				PRODUCT_NAME = "$(TARGET_NAME)";
				SWIFT_VERSION = 4.2;
				TARGETED_DEVICE_FAMILY = "1,2";
				TEST_HOST = "$(BUILT_PRODUCTS_DIR)/Actividad2.app/Actividad2";
			};
			name = Release;
		};
		84BA93D621E4F5450009BC2D /* Debug */ = {
			isa = XCBuildConfiguration;
			buildSettings = {
				ALWAYS_EMBED_SWIFT_STANDARD_LIBRARIES = YES;
				CODE_SIGN_STYLE = Automatic;
				INFOPLIST_FILE = Actividad2UITests/Info.plist;
				LD_RUNPATH_SEARCH_PATHS = (
					"$(inherited)",
					"@executable_path/Frameworks",
					"@loader_path/Frameworks",
				);
				PRODUCT_BUNDLE_IDENTIFIER = swiftIntermedio.Actividad2UITests;
				PRODUCT_NAME = "$(TARGET_NAME)";
				SWIFT_VERSION = 4.2;
				TARGETED_DEVICE_FAMILY = "1,2";
				TEST_TARGET_NAME = Actividad2;
			};
			name = Debug;
		};
		84BA93D721E4F5450009BC2D /* Release */ = {
			isa = XCBuildConfiguration;
			buildSettings = {
				ALWAYS_EMBED_SWIFT_STANDARD_LIBRARIES = YES;
				CODE_SIGN_STYLE = Automatic;
				INFOPLIST_FILE = Actividad2UITests/Info.plist;
				LD_RUNPATH_SEARCH_PATHS = (
					"$(inherited)",
					"@executable_path/Frameworks",
					"@loader_path/Frameworks",
				);
				PRODUCT_BUNDLE_IDENTIFIER = swiftIntermedio.Actividad2UITests;
				PRODUCT_NAME = "$(TARGET_NAME)";
				SWIFT_VERSION = 4.2;
				TARGETED_DEVICE_FAMILY = "1,2";
				TEST_TARGET_NAME = Actividad2;
			};
			name = Release;
		};
/* End XCBuildConfiguration section */

/* Begin XCConfigurationList section */
		84BA93A221E4F5440009BC2D /* Build configuration list for PBXProject "Actividad2" */ = {
			isa = XCConfigurationList;
			buildConfigurations = (
				84BA93CD21E4F5450009BC2D /* Debug */,
				84BA93CE21E4F5450009BC2D /* Release */,
			);
			defaultConfigurationIsVisible = 0;
			defaultConfigurationName = Release;
		};
		84BA93CF21E4F5450009BC2D /* Build configuration list for PBXNativeTarget "Actividad2" */ = {
			isa = XCConfigurationList;
			buildConfigurations = (
				84BA93D021E4F5450009BC2D /* Debug */,
				84BA93D121E4F5450009BC2D /* Release */,
			);
			defaultConfigurationIsVisible = 0;
			defaultConfigurationName = Release;
		};
		84BA93D221E4F5450009BC2D /* Build configuration list for PBXNativeTarget "Actividad2Tests" */ = {
			isa = XCConfigurationList;
			buildConfigurations = (
				84BA93D321E4F5450009BC2D /* Debug */,
				84BA93D421E4F5450009BC2D /* Release */,
			);
			defaultConfigurationIsVisible = 0;
			defaultConfigurationName = Release;
		};
		84BA93D521E4F5450009BC2D /* Build configuration list for PBXNativeTarget "Actividad2UITests" */ = {
			isa = XCConfigurationList;
			buildConfigurations = (
				84BA93D621E4F5450009BC2D /* Debug */,
				84BA93D721E4F5450009BC2D /* Release */,
			);
			defaultConfigurationIsVisible = 0;
			defaultConfigurationName = Release;
		};
/* End XCConfigurationList section */
	};
	rootObject = 84BA939F21E4F5440009BC2D /* Project object */;
}
